
Microsoft Visual Studio Solution File, Format Version 12.00
# Visual Studio Version 16
VisualStudioVersion = 16.0.29201.188
MinimumVisualStudioVersion = 10.0.40219.1
Project("{FAE04EC0-301F-11D3-BF4B-00C04F79EFBC}") = "commandsByCSharp", "commandsByCSharp\commandsByCSharp.csproj", "{C94DFBA0-5CC3-40AE-8266-027DC4AB59D1}"
EndProject
Project("{FAE04EC0-301F-11D3-BF4B-00C04F79EFBC}") = "colconv", "colconv\colconv.csproj", "{F557C8D9-856A-475E-9FBC-D2FB0D049EAA}"
EndProject
Global
	GlobalSection(SolutionConfigurationPlatforms) = preSolution
		Debug|Any CPU = Debug|Any CPU
		Release|Any CPU = Release|Any CPU
	EndGlobalSection
	GlobalSection(ProjectConfigurationPlatforms) = postSolution
		{C94DFBA0-5CC3-40AE-8266-027DC4AB59D1}.Debug|Any CPU.ActiveCfg = Debug|Any CPU
		{C94DFBA0-5CC3-40AE-8266-027DC4AB59D1}.Debug|Any CPU.Build.0 = Debug|Any CPU
		{C94DFBA0-5CC3-40AE-8266-027DC4AB59D1}.Release|Any CPU.ActiveCfg = Release|Any CPU
		{C94DFBA0-5CC3-40AE-8266-027DC4AB59D1}.Release|Any CPU.Build.0 = Release|Any CPU
		{F557C8D9-856A-475E-9FBC-D2FB0D049EAA}.Debug|Any CPU.ActiveCfg = Debug|Any CPU
		{F557C8D9-856A-475E-9FBC-D2FB0D049EAA}.Debug|Any CPU.Build.0 = Debug|Any CPU
		{F557C8D9-856A-475E-9FBC-D2FB0D049EAA}.Release|Any CPU.ActiveCfg = Release|Any CPU
		{F557C8D9-856A-475E-9FBC-D2FB0D049EAA}.Release|Any CPU.Build.0 = Release|Any CPU
	EndGlobalSection
	GlobalSection(SolutionProperties) = preSolution
		HideSolutionNode = FALSE
	EndGlobalSection
	GlobalSection(ExtensibilityGlobals) = postSolution
		SolutionGuid = {6089818D-039E-45B8-A491-652A6E9BDDDE}
	EndGlobalSection
EndGlobal
